
Microsoft Visual Studio Solution File, Format Version 12.00
# Visual Studio 15
VisualStudioVersion = 15.0.27703.2026
MinimumVisualStudioVersion = 10.0.40219.1
Project("{8BC9CEB8-8B4A-11D0-8D11-00A0C91BC942}") = "Ass1", "Inheritance_I\Inheritance_I.vcxproj", "{95D64C50-08DB-49E8-8D04-2F19DC0ABDDA}"
EndProject
Project("{8BC9CEB8-8B4A-11D0-8D11-00A0C91BC942}") = "Ass2", "Ass2\Ass2.vcxproj", "{A7C5AFA0-5503-493E-9672-ABE0C43A3B7D}"
EndProject
Project("{8BC9CEB8-8B4A-11D0-8D11-00A0C91BC942}") = "Ass3", "Ass3\Ass3.vcxproj", "{EA3D6EBA-490C-49D5-BCB5-1A838049F16E}"
EndProject
Global
	GlobalSection(SolutionConfigurationPlatforms) = preSolution
		Debug|x64 = Debug|x64
		Debug|x86 = Debug|x86
		Release|x64 = Release|x64
		Release|x86 = Release|x86
	EndGlobalSection
	GlobalSection(ProjectConfigurationPlatforms) = postSolution
		{95D64C50-08DB-49E8-8D04-2F19DC0ABDDA}.Debug|x64.ActiveCfg = Debug|x64
		{95D64C50-08DB-49E8-8D04-2F19DC0ABDDA}.Debug|x64.Build.0 = Debug|x64
		{95D64C50-08DB-49E8-8D04-2F19DC0ABDDA}.Debug|x86.ActiveCfg = Debug|Win32
		{95D64C50-08DB-49E8-8D04-2F19DC0ABDDA}.Debug|x86.Build.0 = Debug|Win32
		{95D64C50-08DB-49E8-8D04-2F19DC0ABDDA}.Release|x64.ActiveCfg = Release|x64
		{95D64C50-08DB-49E8-8D04-2F19DC0ABDDA}.Release|x64.Build.0 = Release|x64
		{95D64C50-08DB-49E8-8D04-2F19DC0ABDDA}.Release|x86.ActiveCfg = Release|Win32
		{95D64C50-08DB-49E8-8D04-2F19DC0ABDDA}.Release|x86.Build.0 = Release|Win32
		{A7C5AFA0-5503-493E-9672-ABE0C43A3B7D}.Debug|x64.ActiveCfg = Debug|x64
		{A7C5AFA0-5503-493E-9672-ABE0C43A3B7D}.Debug|x64.Build.0 = Debug|x64
		{A7C5AFA0-5503-493E-9672-ABE0C43A3B7D}.Debug|x86.ActiveCfg = Debug|Win32
		{A7C5AFA0-5503-493E-9672-ABE0C43A3B7D}.Debug|x86.Build.0 = Debug|Win32
		{A7C5AFA0-5503-493E-9672-ABE0C43A3B7D}.Release|x64.ActiveCfg = Release|x64
		{A7C5AFA0-5503-493E-9672-ABE0C43A3B7D}.Release|x64.Build.0 = Release|x64
		{A7C5AFA0-5503-493E-9672-ABE0C43A3B7D}.Release|x86.ActiveCfg = Release|Win32
		{A7C5AFA0-5503-493E-9672-ABE0C43A3B7D}.Release|x86.Build.0 = Release|Win32
		{EA3D6EBA-490C-49D5-BCB5-1A838049F16E}.Debug|x64.ActiveCfg = Debug|x64
		{EA3D6EBA-490C-49D5-BCB5-1A838049F16E}.Debug|x64.Build.0 = Debug|x64
		{EA3D6EBA-490C-49D5-BCB5-1A838049F16E}.Debug|x86.ActiveCfg = Debug|Win32
		{EA3D6EBA-490C-49D5-BCB5-1A838049F16E}.Debug|x86.Build.0 = Debug|Win32
		{EA3D6EBA-490C-49D5-BCB5-1A838049F16E}.Release|x64.ActiveCfg = Release|x64
		{EA3D6EBA-490C-49D5-BCB5-1A838049F16E}.Release|x64.Build.0 = Release|x64
		{EA3D6EBA-490C-49D5-BCB5-1A838049F16E}.Release|x86.ActiveCfg = Release|Win32
		{EA3D6EBA-490C-49D5-BCB5-1A838049F16E}.Release|x86.Build.0 = Release|Win32
	EndGlobalSection
	GlobalSection(SolutionProperties) = preSolution
		HideSolutionNode = FALSE
	EndGlobalSection
	GlobalSection(ExtensibilityGlobals) = postSolution
		SolutionGuid = {8436C187-1398-46D8-91C0-D733FCBE3AAF}
	EndGlobalSection
EndGlobal
