
Microsoft Visual Studio Solution File, Format Version 12.00
# Visual Studio 15
VisualStudioVersion = 15.0.27703.2026
MinimumVisualStudioVersion = 10.0.40219.1
Project("{8BC9CEB8-8B4A-11D0-8D11-00A0C91BC942}") = "Ass1", "Day_2.vcxproj", "{04429492-DFDC-4A53-9510-1C6561BC4479}"
EndProject
Project("{8BC9CEB8-8B4A-11D0-8D11-00A0C91BC942}") = "july_18", "..\july_18\july_18.vcxproj", "{7C7DF46F-F4DD-4F65-8A53-B0D3D108040E}"
EndProject
Global
	GlobalSection(SolutionConfigurationPlatforms) = preSolution
		Debug|x64 = Debug|x64
		Debug|x86 = Debug|x86
		Release|x64 = Release|x64
		Release|x86 = Release|x86
	EndGlobalSection
	GlobalSection(ProjectConfigurationPlatforms) = postSolution
		{04429492-DFDC-4A53-9510-1C6561BC4479}.Debug|x64.ActiveCfg = Debug|x64
		{04429492-DFDC-4A53-9510-1C6561BC4479}.Debug|x64.Build.0 = Debug|x64
		{04429492-DFDC-4A53-9510-1C6561BC4479}.Debug|x86.ActiveCfg = Debug|Win32
		{04429492-DFDC-4A53-9510-1C6561BC4479}.Debug|x86.Build.0 = Debug|Win32
		{04429492-DFDC-4A53-9510-1C6561BC4479}.Release|x64.ActiveCfg = Release|x64
		{04429492-DFDC-4A53-9510-1C6561BC4479}.Release|x64.Build.0 = Release|x64
		{04429492-DFDC-4A53-9510-1C6561BC4479}.Release|x86.ActiveCfg = Release|Win32
		{04429492-DFDC-4A53-9510-1C6561BC4479}.Release|x86.Build.0 = Release|Win32
		{7C7DF46F-F4DD-4F65-8A53-B0D3D108040E}.Debug|x64.ActiveCfg = Debug|x64
		{7C7DF46F-F4DD-4F65-8A53-B0D3D108040E}.Debug|x64.Build.0 = Debug|x64
		{7C7DF46F-F4DD-4F65-8A53-B0D3D108040E}.Debug|x86.ActiveCfg = Debug|Win32
		{7C7DF46F-F4DD-4F65-8A53-B0D3D108040E}.Debug|x86.Build.0 = Debug|Win32
		{7C7DF46F-F4DD-4F65-8A53-B0D3D108040E}.Release|x64.ActiveCfg = Release|x64
		{7C7DF46F-F4DD-4F65-8A53-B0D3D108040E}.Release|x64.Build.0 = Release|x64
		{7C7DF46F-F4DD-4F65-8A53-B0D3D108040E}.Release|x86.ActiveCfg = Release|Win32
		{7C7DF46F-F4DD-4F65-8A53-B0D3D108040E}.Release|x86.Build.0 = Release|Win32
	EndGlobalSection
	GlobalSection(SolutionProperties) = preSolution
		HideSolutionNode = FALSE
	EndGlobalSection
	GlobalSection(ExtensibilityGlobals) = postSolution
		SolutionGuid = {7A52A8ED-9FB9-4830-92CE-115FEA6B088F}
	EndGlobalSection
EndGlobal
