
Microsoft Visual Studio Solution File, Format Version 12.00
# Visual Studio 15
VisualStudioVersion = 15.0.27703.2026
MinimumVisualStudioVersion = 10.0.40219.1
Project("{8BC9CEB8-8B4A-11D0-8D11-00A0C91BC942}") = "Ass 1", "july_18.vcxproj", "{7C7DF46F-F4DD-4F65-8A53-B0D3D108040E}"
EndProject
Project("{8BC9CEB8-8B4A-11D0-8D11-00A0C91BC942}") = "Ass 2", "..\Ass 2\Ass 2.vcxproj", "{1D812FA5-A8C4-45D3-9D87-E424406A4166}"
EndProject
Global
	GlobalSection(SolutionConfigurationPlatforms) = preSolution
		Debug|x64 = Debug|x64
		Debug|x86 = Debug|x86
		Release|x64 = Release|x64
		Release|x86 = Release|x86
	EndGlobalSection
	GlobalSection(ProjectConfigurationPlatforms) = postSolution
		{7C7DF46F-F4DD-4F65-8A53-B0D3D108040E}.Debug|x64.ActiveCfg = Debug|x64
		{7C7DF46F-F4DD-4F65-8A53-B0D3D108040E}.Debug|x64.Build.0 = Debug|x64
		{7C7DF46F-F4DD-4F65-8A53-B0D3D108040E}.Debug|x86.ActiveCfg = Debug|Win32
		{7C7DF46F-F4DD-4F65-8A53-B0D3D108040E}.Debug|x86.Build.0 = Debug|Win32
		{7C7DF46F-F4DD-4F65-8A53-B0D3D108040E}.Release|x64.ActiveCfg = Release|x64
		{7C7DF46F-F4DD-4F65-8A53-B0D3D108040E}.Release|x64.Build.0 = Release|x64
		{7C7DF46F-F4DD-4F65-8A53-B0D3D108040E}.Release|x86.ActiveCfg = Release|Win32
		{7C7DF46F-F4DD-4F65-8A53-B0D3D108040E}.Release|x86.Build.0 = Release|Win32
		{1D812FA5-A8C4-45D3-9D87-E424406A4166}.Debug|x64.ActiveCfg = Debug|x64
		{1D812FA5-A8C4-45D3-9D87-E424406A4166}.Debug|x64.Build.0 = Debug|x64
		{1D812FA5-A8C4-45D3-9D87-E424406A4166}.Debug|x86.ActiveCfg = Debug|Win32
		{1D812FA5-A8C4-45D3-9D87-E424406A4166}.Debug|x86.Build.0 = Debug|Win32
		{1D812FA5-A8C4-45D3-9D87-E424406A4166}.Release|x64.ActiveCfg = Release|x64
		{1D812FA5-A8C4-45D3-9D87-E424406A4166}.Release|x64.Build.0 = Release|x64
		{1D812FA5-A8C4-45D3-9D87-E424406A4166}.Release|x86.ActiveCfg = Release|Win32
		{1D812FA5-A8C4-45D3-9D87-E424406A4166}.Release|x86.Build.0 = Release|Win32
	EndGlobalSection
	GlobalSection(SolutionProperties) = preSolution
		HideSolutionNode = FALSE
	EndGlobalSection
	GlobalSection(ExtensibilityGlobals) = postSolution
		SolutionGuid = {30AF1D42-948C-46B6-8EFA-C785E3BAC1B7}
	EndGlobalSection
EndGlobal
